
Microsoft Visual Studio Solution File, Format Version 12.00
# Visual Studio 15
VisualStudioVersion = 15.0.27703.2018
MinimumVisualStudioVersion = 10.0.40219.1
Project("{FAE04EC0-301F-11D3-BF4B-00C04F79EFBC}") = "MultidimensonalArray", "MultidimensonalArray\MultidimensonalArray.csproj", "{3176E3C7-34BF-48D1-89EF-1144DD9DA17A}"
EndProject
Global
	GlobalSection(SolutionConfigurationPlatforms) = preSolution
		Debug|Any CPU = Debug|Any CPU
		Release|Any CPU = Release|Any CPU
	EndGlobalSection
	GlobalSection(ProjectConfigurationPlatforms) = postSolution
		{3176E3C7-34BF-48D1-89EF-1144DD9DA17A}.Debug|Any CPU.ActiveCfg = Debug|Any CPU
		{3176E3C7-34BF-48D1-89EF-1144DD9DA17A}.Debug|Any CPU.Build.0 = Debug|Any CPU
		{3176E3C7-34BF-48D1-89EF-1144DD9DA17A}.Release|Any CPU.ActiveCfg = Release|Any CPU
		{3176E3C7-34BF-48D1-89EF-1144DD9DA17A}.Release|Any CPU.Build.0 = Release|Any CPU
	EndGlobalSection
	GlobalSection(SolutionProperties) = preSolution
		HideSolutionNode = FALSE
	EndGlobalSection
	GlobalSection(ExtensibilityGlobals) = postSolution
		SolutionGuid = {693CB54C-5352-4746-AB36-719AFF891007}
	EndGlobalSection
EndGlobal
