
Microsoft Visual Studio Solution File, Format Version 12.00
# Visual Studio 15
VisualStudioVersion = 15.0.27703.2018
MinimumVisualStudioVersion = 10.0.40219.1
Project("{FAE04EC0-301F-11D3-BF4B-00C04F79EFBC}") = "JaggedArray", "JaggedArray\JaggedArray.csproj", "{D0043403-0809-425D-9800-D1F82A86F14F}"
EndProject
Global
	GlobalSection(SolutionConfigurationPlatforms) = preSolution
		Debug|Any CPU = Debug|Any CPU
		Release|Any CPU = Release|Any CPU
	EndGlobalSection
	GlobalSection(ProjectConfigurationPlatforms) = postSolution
		{D0043403-0809-425D-9800-D1F82A86F14F}.Debug|Any CPU.ActiveCfg = Debug|Any CPU
		{D0043403-0809-425D-9800-D1F82A86F14F}.Debug|Any CPU.Build.0 = Debug|Any CPU
		{D0043403-0809-425D-9800-D1F82A86F14F}.Release|Any CPU.ActiveCfg = Release|Any CPU
		{D0043403-0809-425D-9800-D1F82A86F14F}.Release|Any CPU.Build.0 = Release|Any CPU
	EndGlobalSection
	GlobalSection(SolutionProperties) = preSolution
		HideSolutionNode = FALSE
	EndGlobalSection
	GlobalSection(ExtensibilityGlobals) = postSolution
		SolutionGuid = {592469CA-34BC-4329-AD6F-51DCA53DBF10}
	EndGlobalSection
EndGlobal
