
Microsoft Visual Studio Solution File, Format Version 12.00
# Visual Studio 15
VisualStudioVersion = 15.0.27703.2018
MinimumVisualStudioVersion = 10.0.40219.1
Project("{FAE04EC0-301F-11D3-BF4B-00C04F79EFBC}") = "Casting", "Casting\Casting.csproj", "{CE952BF2-DA08-4084-8253-99667CF7CC77}"
EndProject
Global
	GlobalSection(SolutionConfigurationPlatforms) = preSolution
		Debug|Any CPU = Debug|Any CPU
		Release|Any CPU = Release|Any CPU
	EndGlobalSection
	GlobalSection(ProjectConfigurationPlatforms) = postSolution
		{CE952BF2-DA08-4084-8253-99667CF7CC77}.Debug|Any CPU.ActiveCfg = Debug|Any CPU
		{CE952BF2-DA08-4084-8253-99667CF7CC77}.Debug|Any CPU.Build.0 = Debug|Any CPU
		{CE952BF2-DA08-4084-8253-99667CF7CC77}.Release|Any CPU.ActiveCfg = Release|Any CPU
		{CE952BF2-DA08-4084-8253-99667CF7CC77}.Release|Any CPU.Build.0 = Release|Any CPU
	EndGlobalSection
	GlobalSection(SolutionProperties) = preSolution
		HideSolutionNode = FALSE
	EndGlobalSection
	GlobalSection(ExtensibilityGlobals) = postSolution
		SolutionGuid = {F7D23B7F-6346-49CF-8C74-03162DC57C22}
	EndGlobalSection
EndGlobal
