
Microsoft Visual Studio Solution File, Format Version 12.00
# Visual Studio 15
VisualStudioVersion = 15.0.27703.2018
MinimumVisualStudioVersion = 10.0.40219.1
Project("{FAE04EC0-301F-11D3-BF4B-00C04F79EFBC}") = "Overloading", "Overloading\Overloading.csproj", "{2D6FFD34-294A-4F61-BD57-2601D9F25C83}"
EndProject
Global
	GlobalSection(SolutionConfigurationPlatforms) = preSolution
		Debug|Any CPU = Debug|Any CPU
		Release|Any CPU = Release|Any CPU
	EndGlobalSection
	GlobalSection(ProjectConfigurationPlatforms) = postSolution
		{2D6FFD34-294A-4F61-BD57-2601D9F25C83}.Debug|Any CPU.ActiveCfg = Debug|Any CPU
		{2D6FFD34-294A-4F61-BD57-2601D9F25C83}.Debug|Any CPU.Build.0 = Debug|Any CPU
		{2D6FFD34-294A-4F61-BD57-2601D9F25C83}.Release|Any CPU.ActiveCfg = Release|Any CPU
		{2D6FFD34-294A-4F61-BD57-2601D9F25C83}.Release|Any CPU.Build.0 = Release|Any CPU
	EndGlobalSection
	GlobalSection(SolutionProperties) = preSolution
		HideSolutionNode = FALSE
	EndGlobalSection
	GlobalSection(ExtensibilityGlobals) = postSolution
		SolutionGuid = {7E5D9F25-0199-440D-ABC0-5EBE62821CB3}
	EndGlobalSection
EndGlobal
