
Microsoft Visual Studio Solution File, Format Version 12.00
# Visual Studio Version 16
VisualStudioVersion = 16.0.29102.190
MinimumVisualStudioVersion = 10.0.40219.1
Project("{FAE04EC0-301F-11D3-BF4B-00C04F79EFBC}") = "InheritanceV0", "InheritanceV0\InheritanceV0.csproj", "{F90C6AB0-6A9A-4DB6-A36E-F958E0817230}"
EndProject
Global
	GlobalSection(SolutionConfigurationPlatforms) = preSolution
		Debug|Any CPU = Debug|Any CPU
		Release|Any CPU = Release|Any CPU
	EndGlobalSection
	GlobalSection(ProjectConfigurationPlatforms) = postSolution
		{F90C6AB0-6A9A-4DB6-A36E-F958E0817230}.Debug|Any CPU.ActiveCfg = Debug|Any CPU
		{F90C6AB0-6A9A-4DB6-A36E-F958E0817230}.Debug|Any CPU.Build.0 = Debug|Any CPU
		{F90C6AB0-6A9A-4DB6-A36E-F958E0817230}.Release|Any CPU.ActiveCfg = Release|Any CPU
		{F90C6AB0-6A9A-4DB6-A36E-F958E0817230}.Release|Any CPU.Build.0 = Release|Any CPU
	EndGlobalSection
	GlobalSection(SolutionProperties) = preSolution
		HideSolutionNode = FALSE
	EndGlobalSection
	GlobalSection(ExtensibilityGlobals) = postSolution
		SolutionGuid = {64B7EE55-5327-4B7F-AC7C-FA9D17EB1A18}
	EndGlobalSection
EndGlobal
