
Microsoft Visual Studio Solution File, Format Version 12.00
# Visual Studio 15
VisualStudioVersion = 15.0.27703.2018
MinimumVisualStudioVersion = 10.0.40219.1
Project("{FAE04EC0-301F-11D3-BF4B-00C04F79EFBC}") = "ListV0", "ListV0\ListV0.csproj", "{6E60AD91-3B01-48DA-9478-26B38D9A9CC3}"
EndProject
Global
	GlobalSection(SolutionConfigurationPlatforms) = preSolution
		Debug|Any CPU = Debug|Any CPU
		Release|Any CPU = Release|Any CPU
	EndGlobalSection
	GlobalSection(ProjectConfigurationPlatforms) = postSolution
		{6E60AD91-3B01-48DA-9478-26B38D9A9CC3}.Debug|Any CPU.ActiveCfg = Debug|Any CPU
		{6E60AD91-3B01-48DA-9478-26B38D9A9CC3}.Debug|Any CPU.Build.0 = Debug|Any CPU
		{6E60AD91-3B01-48DA-9478-26B38D9A9CC3}.Release|Any CPU.ActiveCfg = Release|Any CPU
		{6E60AD91-3B01-48DA-9478-26B38D9A9CC3}.Release|Any CPU.Build.0 = Release|Any CPU
	EndGlobalSection
	GlobalSection(SolutionProperties) = preSolution
		HideSolutionNode = FALSE
	EndGlobalSection
	GlobalSection(ExtensibilityGlobals) = postSolution
		SolutionGuid = {B61AFD93-EFFF-4B10-9453-ED589E5C9012}
	EndGlobalSection
EndGlobal
