
Microsoft Visual Studio Solution File, Format Version 12.00
# Visual Studio 15
VisualStudioVersion = 15.0.27703.2018
MinimumVisualStudioVersion = 10.0.40219.1
Project("{FAE04EC0-301F-11D3-BF4B-00C04F79EFBC}") = "ConsoleAppForStructure", "ConsoleAppForStructure\ConsoleAppForStructure.csproj", "{B5760EFE-96E8-467E-B1F8-E3E826D6F100}"
EndProject
Global
	GlobalSection(SolutionConfigurationPlatforms) = preSolution
		Debug|Any CPU = Debug|Any CPU
		Release|Any CPU = Release|Any CPU
	EndGlobalSection
	GlobalSection(ProjectConfigurationPlatforms) = postSolution
		{B5760EFE-96E8-467E-B1F8-E3E826D6F100}.Debug|Any CPU.ActiveCfg = Debug|Any CPU
		{B5760EFE-96E8-467E-B1F8-E3E826D6F100}.Debug|Any CPU.Build.0 = Debug|Any CPU
		{B5760EFE-96E8-467E-B1F8-E3E826D6F100}.Release|Any CPU.ActiveCfg = Release|Any CPU
		{B5760EFE-96E8-467E-B1F8-E3E826D6F100}.Release|Any CPU.Build.0 = Release|Any CPU
	EndGlobalSection
	GlobalSection(SolutionProperties) = preSolution
		HideSolutionNode = FALSE
	EndGlobalSection
	GlobalSection(ExtensibilityGlobals) = postSolution
		SolutionGuid = {CEFC944A-4F42-4427-A3AA-30FC8A06593E}
	EndGlobalSection
EndGlobal
